
Microsoft Visual Studio Solution File, Format Version 12.00
# Visual Studio Version 16
VisualStudioVersion = 16.0.29709.97
MinimumVisualStudioVersion = 10.0.40219.1
Project("{9A19103F-16F7-4668-BE54-9A1E7A4F7556}") = "Cake.AppleSimulator", "Cake.AppleSimulator\Cake.AppleSimulator.csproj", "{B06F9D18-B527-480E-BA34-DD10644E2832}"
EndProject
Project("{9A19103F-16F7-4668-BE54-9A1E7A4F7556}") = "Cake.AppleSimulator.Tests", "Cake.AppleSimulator.Tests\Cake.AppleSimulator.Tests.csproj", "{9DC10E93-A002-40BB-8044-D38C9E7568DF}"
EndProject
Global
	GlobalSection(SolutionConfigurationPlatforms) = preSolution
		Debug|Any CPU = Debug|Any CPU
		Debug|iPhone = Debug|iPhone
		Debug|iPhoneSimulator = Debug|iPhoneSimulator
		Release|Any CPU = Release|Any CPU
		Release|iPhone = Release|iPhone
		Release|iPhoneSimulator = Release|iPhoneSimulator
		UnitTesting|Any CPU = UnitTesting|Any CPU
		UnitTesting|iPhone = UnitTesting|iPhone
		UnitTesting|iPhoneSimulator = UnitTesting|iPhoneSimulator
	EndGlobalSection
	GlobalSection(ProjectConfigurationPlatforms) = postSolution
		{B06F9D18-B527-480E-BA34-DD10644E2832}.Debug|Any CPU.ActiveCfg = Debug|Any CPU
		{B06F9D18-B527-480E-BA34-DD10644E2832}.Debug|Any CPU.Build.0 = Debug|Any CPU
		{B06F9D18-B527-480E-BA34-DD10644E2832}.Debug|iPhone.ActiveCfg = Debug|Any CPU
		{B06F9D18-B527-480E-BA34-DD10644E2832}.Debug|iPhone.Build.0 = Debug|Any CPU
		{B06F9D18-B527-480E-BA34-DD10644E2832}.Debug|iPhoneSimulator.ActiveCfg = Debug|Any CPU
		{B06F9D18-B527-480E-BA34-DD10644E2832}.Debug|iPhoneSimulator.Build.0 = Debug|Any CPU
		{B06F9D18-B527-480E-BA34-DD10644E2832}.Release|Any CPU.ActiveCfg = Release|Any CPU
		{B06F9D18-B527-480E-BA34-DD10644E2832}.Release|Any CPU.Build.0 = Release|Any CPU
		{B06F9D18-B527-480E-BA34-DD10644E2832}.Release|iPhone.ActiveCfg = Release|Any CPU
		{B06F9D18-B527-480E-BA34-DD10644E2832}.Release|iPhone.Build.0 = Release|Any CPU
		{B06F9D18-B527-480E-BA34-DD10644E2832}.Release|iPhoneSimulator.ActiveCfg = Release|Any CPU
		{B06F9D18-B527-480E-BA34-DD10644E2832}.Release|iPhoneSimulator.Build.0 = Release|Any CPU
		{B06F9D18-B527-480E-BA34-DD10644E2832}.UnitTesting|Any CPU.ActiveCfg = Debug|Any CPU
		{B06F9D18-B527-480E-BA34-DD10644E2832}.UnitTesting|Any CPU.Build.0 = Debug|Any CPU
		{B06F9D18-B527-480E-BA34-DD10644E2832}.UnitTesting|iPhone.ActiveCfg = Release|Any CPU
		{B06F9D18-B527-480E-BA34-DD10644E2832}.UnitTesting|iPhone.Build.0 = Release|Any CPU
		{B06F9D18-B527-480E-BA34-DD10644E2832}.UnitTesting|iPhoneSimulator.ActiveCfg = Release|Any CPU
		{B06F9D18-B527-480E-BA34-DD10644E2832}.UnitTesting|iPhoneSimulator.Build.0 = Release|Any CPU
		{9DC10E93-A002-40BB-8044-D38C9E7568DF}.Debug|Any CPU.ActiveCfg = Debug|Any CPU
		{9DC10E93-A002-40BB-8044-D38C9E7568DF}.Debug|Any CPU.Build.0 = Debug|Any CPU
		{9DC10E93-A002-40BB-8044-D38C9E7568DF}.Debug|iPhone.ActiveCfg = Debug|Any CPU
		{9DC10E93-A002-40BB-8044-D38C9E7568DF}.Debug|iPhone.Build.0 = Debug|Any CPU
		{9DC10E93-A002-40BB-8044-D38C9E7568DF}.Debug|iPhoneSimulator.ActiveCfg = Debug|Any CPU
		{9DC10E93-A002-40BB-8044-D38C9E7568DF}.Debug|iPhoneSimulator.Build.0 = Debug|Any CPU
		{9DC10E93-A002-40BB-8044-D38C9E7568DF}.Release|Any CPU.ActiveCfg = Release|Any CPU
		{9DC10E93-A002-40BB-8044-D38C9E7568DF}.Release|Any CPU.Build.0 = Release|Any CPU
		{9DC10E93-A002-40BB-8044-D38C9E7568DF}.Release|iPhone.ActiveCfg = Release|Any CPU
		{9DC10E93-A002-40BB-8044-D38C9E7568DF}.Release|iPhone.Build.0 = Release|Any CPU
		{9DC10E93-A002-40BB-8044-D38C9E7568DF}.Release|iPhoneSimulator.ActiveCfg = Release|Any CPU
		{9DC10E93-A002-40BB-8044-D38C9E7568DF}.Release|iPhoneSimulator.Build.0 = Release|Any CPU
		{9DC10E93-A002-40BB-8044-D38C9E7568DF}.UnitTesting|Any CPU.ActiveCfg = Debug|Any CPU
		{9DC10E93-A002-40BB-8044-D38C9E7568DF}.UnitTesting|Any CPU.Build.0 = Debug|Any CPU
		{9DC10E93-A002-40BB-8044-D38C9E7568DF}.UnitTesting|iPhone.ActiveCfg = Release|Any CPU
		{9DC10E93-A002-40BB-8044-D38C9E7568DF}.UnitTesting|iPhone.Build.0 = Release|Any CPU
		{9DC10E93-A002-40BB-8044-D38C9E7568DF}.UnitTesting|iPhoneSimulator.ActiveCfg = Release|Any CPU
		{9DC10E93-A002-40BB-8044-D38C9E7568DF}.UnitTesting|iPhoneSimulator.Build.0 = Release|Any CPU
	EndGlobalSection
	GlobalSection(SolutionProperties) = preSolution
		HideSolutionNode = FALSE
	EndGlobalSection
	GlobalSection(ExtensibilityGlobals) = postSolution
		SolutionGuid = {74E91CD5-FCCC-4942-A035-7BB7E05A2E42}
	EndGlobalSection
	GlobalSection(MonoDevelopProperties) = preSolution
		Policies = $0
		$0.TextStylePolicy = $1
		$1.FileWidth = 120
		$1.inheritsSet = VisualStudio
		$1.inheritsScope = text/plain
		$1.scope = text/x-csharp
		$0.CSharpFormattingPolicy = $2
		$2.IndentSwitchSection = True
		$2.NewLinesForBracesInProperties = True
		$2.NewLinesForBracesInAccessors = True
		$2.NewLinesForBracesInAnonymousMethods = True
		$2.NewLinesForBracesInControlBlocks = True
		$2.NewLinesForBracesInAnonymousTypes = True
		$2.NewLinesForBracesInObjectCollectionArrayInitializers = True
		$2.NewLinesForBracesInLambdaExpressionBody = True
		$2.NewLineForElse = True
		$2.NewLineForCatch = True
		$2.NewLineForFinally = True
		$2.NewLineForMembersInObjectInit = True
		$2.NewLineForMembersInAnonymousTypes = True
		$2.NewLineForClausesInQuery = True
		$2.SpacingAfterMethodDeclarationName = False
		$2.SpaceAfterMethodCallName = False
		$2.SpaceBeforeOpenSquareBracket = False
		$2.inheritsSet = Mono
		$2.inheritsScope = text/x-csharp
		$2.scope = text/x-csharp
	EndGlobalSection
EndGlobal
